// !$*UTF8*$!
{
	archiveVersion = 1;
	classes = {
	};
	objectVersion = 48;
	objects = {

/* Begin PBXBuildFile section */
		3EC799DA1F5C16B7007E3E71 /* AppDelegate.swift in Sources */ = {isa = PBXBuildFile; fileRef = 3EC799D91F5C16B7007E3E71 /* AppDelegate.swift */; };
		3EC799DC1F5C16B7007E3E71 /* CategoriesVC.swift in Sources */ = {isa = PBXBuildFile; fileRef = 3EC799DB1F5C16B7007E3E71 /* CategoriesVC.swift */; };
		3EC799DF1F5C16B7007E3E71 /* Main.storyboard in Resources */ = {isa = PBXBuildFile; fileRef = 3EC799DD1F5C16B7007E3E71 /* Main.storyboard */; };
		3EC799E11F5C16B7007E3E71 /* Assets.xcassets in Resources */ = {isa = PBXBuildFile; fileRef = 3EC799E01F5C16B7007E3E71 /* Assets.xcassets */; };
		3EC799E41F5C16B7007E3E71 /* LaunchScreen.storyboard in Resources */ = {isa = PBXBuildFile; fileRef = 3EC799E21F5C16B7007E3E71 /* LaunchScreen.storyboard */; };
		3EC799EF1F5C16B8007E3E71 /* coderswagTests.swift in Sources */ = {isa = PBXBuildFile; fileRef = 3EC799EE1F5C16B8007E3E71 /* coderswagTests.swift */; };
		3EC799FA1F5C16B8007E3E71 /* coderswagUITests.swift in Sources */ = {isa = PBXBuildFile; fileRef = 3EC799F91F5C16B8007E3E71 /* coderswagUITests.swift */; };
		3EC79A0B1F5C1F27007E3E71 /* CategoryCell.swift in Sources */ = {isa = PBXBuildFile; fileRef = 3EC79A0A1F5C1F27007E3E71 /* CategoryCell.swift */; };
/* End PBXBuildFile section */

/* Begin PBXContainerItemProxy section */
		3EC799EB1F5C16B8007E3E71 /* PBXContainerItemProxy */ = {
			isa = PBXContainerItemProxy;
			containerPortal = 3EC799CE1F5C16B7007E3E71 /* Project object */;
			proxyType = 1;
			remoteGlobalIDString = 3EC799D51F5C16B7007E3E71;
			remoteInfo = coderswag;
		};
		3EC799F61F5C16B8007E3E71 /* PBXContainerItemProxy */ = {
			isa = PBXContainerItemProxy;
			containerPortal = 3EC799CE1F5C16B7007E3E71 /* Project object */;
			proxyType = 1;
			remoteGlobalIDString = 3EC799D51F5C16B7007E3E71;
			remoteInfo = coderswag;
		};
/* End PBXContainerItemProxy section */

/* Begin PBXFileReference section */
		3EC799D61F5C16B7007E3E71 /* coderswag.app */ = {isa = PBXFileReference; explicitFileType = wrapper.application; includeInIndex = 0; path = coderswag.app; sourceTree = BUILT_PRODUCTS_DIR; };
		3EC799D91F5C16B7007E3E71 /* AppDelegate.swift */ = {isa = PBXFileReference; lastKnownFileType = sourcecode.swift; path = AppDelegate.swift; sourceTree = "<group>"; };
		3EC799DB1F5C16B7007E3E71 /* CategoriesVC.swift */ = {isa = PBXFileReference; lastKnownFileType = sourcecode.swift; path = CategoriesVC.swift; sourceTree = "<group>"; };
		3EC799DE1F5C16B7007E3E71 /* Base */ = {isa = PBXFileReference; lastKnownFileType = file.storyboard; name = Base; path = Base.lproj/Main.storyboard; sourceTree = "<group>"; };
		3EC799E01F5C16B7007E3E71 /* Assets.xcassets */ = {isa = PBXFileReference; lastKnownFileType = folder.assetcatalog; path = Assets.xcassets; sourceTree = "<group>"; };
		3EC799E31F5C16B7007E3E71 /* Base */ = {isa = PBXFileReference; lastKnownFileType = file.storyboard; name = Base; path = Base.lproj/LaunchScreen.storyboard; sourceTree = "<group>"; };
		3EC799E51F5C16B8007E3E71 /* Info.plist */ = {isa = PBXFileReference; lastKnownFileType = text.plist.xml; path = Info.plist; sourceTree = "<group>"; };
		3EC799EA1F5C16B8007E3E71 /* coderswagTests.xctest */ = {isa = PBXFileReference; explicitFileType = wrapper.cfbundle; includeInIndex = 0; path = coderswagTests.xctest; sourceTree = BUILT_PRODUCTS_DIR; };
		3EC799EE1F5C16B8007E3E71 /* coderswagTests.swift */ = {isa = PBXFileReference; lastKnownFileType = sourcecode.swift; path = coderswagTests.swift; sourceTree = "<group>"; };
		3EC799F01F5C16B8007E3E71 /* Info.plist */ = {isa = PBXFileReference; lastKnownFileType = text.plist.xml; path = Info.plist; sourceTree = "<group>"; };
		3EC799F51F5C16B8007E3E71 /* coderswagUITests.xctest */ = {isa = PBXFileReference; explicitFileType = wrapper.cfbundle; includeInIndex = 0; path = coderswagUITests.xctest; sourceTree = BUILT_PRODUCTS_DIR; };
		3EC799F91F5C16B8007E3E71 /* coderswagUITests.swift */ = {isa = PBXFileReference; lastKnownFileType = sourcecode.swift; path = coderswagUITests.swift; sourceTree = "<group>"; };
		3EC799FB1F5C16B8007E3E71 /* Info.plist */ = {isa = PBXFileReference; lastKnownFileType = text.plist.xml; path = Info.plist; sourceTree = "<group>"; };
		3EC79A0A1F5C1F27007E3E71 /* CategoryCell.swift */ = {isa = PBXFileReference; lastKnownFileType = sourcecode.swift; path = CategoryCell.swift; sourceTree = "<group>"; };
/* End PBXFileReference section */

/* Begin PBXFrameworksBuildPhase section */
		3EC799D31F5C16B7007E3E71 /* Frameworks */ = {
			isa = PBXFrameworksBuildPhase;
			buildActionMask = 2147483647;
			files = (
			);
			runOnlyForDeploymentPostprocessing = 0;
		};
		3EC799E71F5C16B8007E3E71 /* Frameworks */ = {
			isa = PBXFrameworksBuildPhase;
			buildActionMask = 2147483647;
			files = (
			);
			runOnlyForDeploymentPostprocessing = 0;
		};
		3EC799F21F5C16B8007E3E71 /* Frameworks */ = {
			isa = PBXFrameworksBuildPhase;
			buildActionMask = 2147483647;
			files = (
			);
			runOnlyForDeploymentPostprocessing = 0;
		};
/* End PBXFrameworksBuildPhase section */

/* Begin PBXGroup section */
		3EC799CD1F5C16B7007E3E71 = {
			isa = PBXGroup;
			children = (
				3EC79A091F5C1927007E3E71 /* Controller */,
				3EC79A081F5C191D007E3E71 /* View */,
				3EC79A071F5C1913007E3E71 /* Model */,
				3EC799D81F5C16B7007E3E71 /* coderswag */,
				3EC799ED1F5C16B8007E3E71 /* coderswagTests */,
				3EC799F81F5C16B8007E3E71 /* coderswagUITests */,
				3EC799D71F5C16B7007E3E71 /* Products */,
			);
			sourceTree = "<group>";
		};
		3EC799D71F5C16B7007E3E71 /* Products */ = {
			isa = PBXGroup;
			children = (
				3EC799D61F5C16B7007E3E71 /* coderswag.app */,
				3EC799EA1F5C16B8007E3E71 /* coderswagTests.xctest */,
				3EC799F51F5C16B8007E3E71 /* coderswagUITests.xctest */,
			);
			name = Products;
			sourceTree = "<group>";
		};
		3EC799D81F5C16B7007E3E71 /* coderswag */ = {
			isa = PBXGroup;
			children = (
				3EC799D91F5C16B7007E3E71 /* AppDelegate.swift */,
				3EC799DD1F5C16B7007E3E71 /* Main.storyboard */,
				3EC799E01F5C16B7007E3E71 /* Assets.xcassets */,
				3EC799E21F5C16B7007E3E71 /* LaunchScreen.storyboard */,
				3EC799E51F5C16B8007E3E71 /* Info.plist */,
			);
			path = coderswag;
			sourceTree = "<group>";
		};
		3EC799ED1F5C16B8007E3E71 /* coderswagTests */ = {
			isa = PBXGroup;
			children = (
				3EC799EE1F5C16B8007E3E71 /* coderswagTests.swift */,
				3EC799F01F5C16B8007E3E71 /* Info.plist */,
			);
			path = coderswagTests;
			sourceTree = "<group>";
		};
		3EC799F81F5C16B8007E3E71 /* coderswagUITests */ = {
			isa = PBXGroup;
			children = (
				3EC799F91F5C16B8007E3E71 /* coderswagUITests.swift */,
				3EC799FB1F5C16B8007E3E71 /* Info.plist */,
			);
			path = coderswagUITests;
			sourceTree = "<group>";
		};
		3EC79A071F5C1913007E3E71 /* Model */ = {
			isa = PBXGroup;
			children = (
			);
			path = Model;
			sourceTree = "<group>";
		};
		3EC79A081F5C191D007E3E71 /* View */ = {
			isa = PBXGroup;
			children = (
				3EC79A0A1F5C1F27007E3E71 /* CategoryCell.swift */,
			);
			path = View;
			sourceTree = "<group>";
		};
		3EC79A091F5C1927007E3E71 /* Controller */ = {
			isa = PBXGroup;
			children = (
				3EC799DB1F5C16B7007E3E71 /* CategoriesVC.swift */,
			);
			path = Controller;
			sourceTree = "<group>";
		};
/* End PBXGroup section */

/* Begin PBXNativeTarget section */
		3EC799D51F5C16B7007E3E71 /* coderswag */ = {
			isa = PBXNativeTarget;
			buildConfigurationList = 3EC799FE1F5C16B8007E3E71 /* Build configuration list for PBXNativeTarget "coderswag" */;
			buildPhases = (
				3EC799D21F5C16B7007E3E71 /* Sources */,
				3EC799D31F5C16B7007E3E71 /* Frameworks */,
				3EC799D41F5C16B7007E3E71 /* Resources */,
			);
			buildRules = (
			);
			dependencies = (
			);
			name = coderswag;
			productName = coderswag;
			productReference = 3EC799D61F5C16B7007E3E71 /* coderswag.app */;
			productType = "com.apple.product-type.application";
		};
		3EC799E91F5C16B8007E3E71 /* coderswagTests */ = {
			isa = PBXNativeTarget;
			buildConfigurationList = 3EC79A011F5C16B8007E3E71 /* Build configuration list for PBXNativeTarget "coderswagTests" */;
			buildPhases = (
				3EC799E61F5C16B8007E3E71 /* Sources */,
				3EC799E71F5C16B8007E3E71 /* Frameworks */,
				3EC799E81F5C16B8007E3E71 /* Resources */,
			);
			buildRules = (
			);
			dependencies = (
				3EC799EC1F5C16B8007E3E71 /* PBXTargetDependency */,
			);
			name = coderswagTests;
			productName = coderswagTests;
			productReference = 3EC799EA1F5C16B8007E3E71 /* coderswagTests.xctest */;
			productType = "com.apple.product-type.bundle.unit-test";
		};
		3EC799F41F5C16B8007E3E71 /* coderswagUITests */ = {
			isa = PBXNativeTarget;
			buildConfigurationList = 3EC79A041F5C16B8007E3E71 /* Build configuration list for PBXNativeTarget "coderswagUITests" */;
			buildPhases = (
				3EC799F11F5C16B8007E3E71 /* Sources */,
				3EC799F21F5C16B8007E3E71 /* Frameworks */,
				3EC799F31F5C16B8007E3E71 /* Resources */,
			);
			buildRules = (
			);
			dependencies = (
				3EC799F71F5C16B8007E3E71 /* PBXTargetDependency */,
			);
			name = coderswagUITests;
			productName = coderswagUITests;
			productReference = 3EC799F51F5C16B8007E3E71 /* coderswagUITests.xctest */;
			productType = "com.apple.product-type.bundle.ui-testing";
		};
/* End PBXNativeTarget section */

/* Begin PBXProject section */
		3EC799CE1F5C16B7007E3E71 /* Project object */ = {
			isa = PBXProject;
			attributes = {
				LastSwiftUpdateCheck = 0900;
				LastUpgradeCheck = 0900;
				ORGANIZATIONNAME = "Jay Hall";
				TargetAttributes = {
					3EC799D51F5C16B7007E3E71 = {
						CreatedOnToolsVersion = 9.0;
						ProvisioningStyle = Automatic;
					};
					3EC799E91F5C16B8007E3E71 = {
						CreatedOnToolsVersion = 9.0;
						ProvisioningStyle = Automatic;
						TestTargetID = 3EC799D51F5C16B7007E3E71;
					};
					3EC799F41F5C16B8007E3E71 = {
						CreatedOnToolsVersion = 9.0;
						ProvisioningStyle = Automatic;
						TestTargetID = 3EC799D51F5C16B7007E3E71;
					};
				};
			};
			buildConfigurationList = 3EC799D11F5C16B7007E3E71 /* Build configuration list for PBXProject "coderswag" */;
			compatibilityVersion = "Xcode 8.0";
			developmentRegion = en;
			hasScannedForEncodings = 0;
			knownRegions = (
				en,
				Base,
			);
			mainGroup = 3EC799CD1F5C16B7007E3E71;
			productRefGroup = 3EC799D71F5C16B7007E3E71 /* Products */;
			projectDirPath = "";
			projectRoot = "";
			targets = (
				3EC799D51F5C16B7007E3E71 /* coderswag */,
				3EC799E91F5C16B8007E3E71 /* coderswagTests */,
				3EC799F41F5C16B8007E3E71 /* coderswagUITests */,
			);
		};
/* End PBXProject section */

/* Begin PBXResourcesBuildPhase section */
		3EC799D41F5C16B7007E3E71 /* Resources */ = {
			isa = PBXResourcesBuildPhase;
			buildActionMask = 2147483647;
			files = (
				3EC799E41F5C16B7007E3E71 /* LaunchScreen.storyboard in Resources */,
				3EC799E11F5C16B7007E3E71 /* Assets.xcassets in Resources */,
				3EC799DF1F5C16B7007E3E71 /* Main.storyboard in Resources */,
			);
			runOnlyForDeploymentPostprocessing = 0;
		};
		3EC799E81F5C16B8007E3E71 /* Resources */ = {
			isa = PBXResourcesBuildPhase;
			buildActionMask = 2147483647;
			files = (
			);
			runOnlyForDeploymentPostprocessing = 0;
		};
		3EC799F31F5C16B8007E3E71 /* Resources */ = {
			isa = PBXResourcesBuildPhase;
			buildActionMask = 2147483647;
			files = (
			);
			runOnlyForDeploymentPostprocessing = 0;
		};
/* End PBXResourcesBuildPhase section */

/* Begin PBXSourcesBuildPhase section */
		3EC799D21F5C16B7007E3E71 /* Sources */ = {
			isa = PBXSourcesBuildPhase;
			buildActionMask = 2147483647;
			files = (
				3EC799DC1F5C16B7007E3E71 /* CategoriesVC.swift in Sources */,
				3EC799DA1F5C16B7007E3E71 /* AppDelegate.swift in Sources */,
				3EC79A0B1F5C1F27007E3E71 /* CategoryCell.swift in Sources */,
			);
			runOnlyForDeploymentPostprocessing = 0;
		};
		3EC799E61F5C16B8007E3E71 /* Sources */ = {
			isa = PBXSourcesBuildPhase;
			buildActionMask = 2147483647;
			files = (
				3EC799EF1F5C16B8007E3E71 /* coderswagTests.swift in Sources */,
			);
			runOnlyForDeploymentPostprocessing = 0;
		};
		3EC799F11F5C16B8007E3E71 /* Sources */ = {
			isa = PBXSourcesBuildPhase;
			buildActionMask = 2147483647;
			files = (
				3EC799FA1F5C16B8007E3E71 /* coderswagUITests.swift in Sources */,
			);
			runOnlyForDeploymentPostprocessing = 0;
		};
/* End PBXSourcesBuildPhase section */

/* Begin PBXTargetDependency section */
		3EC799EC1F5C16B8007E3E71 /* PBXTargetDependency */ = {
			isa = PBXTargetDependency;
			target = 3EC799D51F5C16B7007E3E71 /* coderswag */;
			targetProxy = 3EC799EB1F5C16B8007E3E71 /* PBXContainerItemProxy */;
		};
		3EC799F71F5C16B8007E3E71 /* PBXTargetDependency */ = {
			isa = PBXTargetDependency;
			target = 3EC799D51F5C16B7007E3E71 /* coderswag */;
			targetProxy = 3EC799F61F5C16B8007E3E71 /* PBXContainerItemProxy */;
		};
/* End PBXTargetDependency section */

/* Begin PBXVariantGroup section */
		3EC799DD1F5C16B7007E3E71 /* Main.storyboard */ = {
			isa = PBXVariantGroup;
			children = (
				3EC799DE1F5C16B7007E3E71 /* Base */,
			);
			name = Main.storyboard;
			sourceTree = "<group>";
		};
		3EC799E21F5C16B7007E3E71 /* LaunchScreen.storyboard */ = {
			isa = PBXVariantGroup;
			children = (
				3EC799E31F5C16B7007E3E71 /* Base */,
			);
			name = LaunchScreen.storyboard;
			sourceTree = "<group>";
		};
/* End PBXVariantGroup section */

/* Begin XCBuildConfiguration section */
		3EC799FC1F5C16B8007E3E71 /* Debug */ = {
			isa = XCBuildConfiguration;
			buildSettings = {
				ALWAYS_SEARCH_USER_PATHS = NO;
				CLANG_ANALYZER_NONNULL = YES;
				CLANG_ANALYZER_NUMBER_OBJECT_CONVERSION = YES_AGGRESSIVE;
				CLANG_CXX_LANGUAGE_STANDARD = "gnu++14";
				CLANG_CXX_LIBRARY = "libc++";
				CLANG_ENABLE_MODULES = YES;
				CLANG_ENABLE_OBJC_ARC = YES;
				CLANG_WARN_BLOCK_CAPTURE_AUTORELEASING = YES;
				CLANG_WARN_BOOL_CONVERSION = YES;
				CLANG_WARN_COMMA = YES;
				CLANG_WARN_CONSTANT_CONVERSION = YES;
				CLANG_WARN_DIRECT_OBJC_ISA_USAGE = YES_ERROR;
				CLANG_WARN_DOCUMENTATION_COMMENTS = YES;
				CLANG_WARN_EMPTY_BODY = YES;
				CLANG_WARN_ENUM_CONVERSION = YES;
				CLANG_WARN_INFINITE_RECURSION = YES;
				CLANG_WARN_INT_CONVERSION = YES;
				CLANG_WARN_NON_LITERAL_NULL_CONVERSION = YES;
				CLANG_WARN_OBJC_LITERAL_CONVERSION = YES;
				CLANG_WARN_OBJC_ROOT_CLASS = YES_ERROR;
				CLANG_WARN_RANGE_LOOP_ANALYSIS = YES;
				CLANG_WARN_STRICT_PROTOTYPES = YES;
				CLANG_WARN_SUSPICIOUS_MOVE = YES;
				CLANG_WARN_UNGUARDED_AVAILABILITY = YES_AGGRESSIVE;
				CLANG_WARN_UNREACHABLE_CODE = YES;
				CLANG_WARN__DUPLICATE_METHOD_MATCH = YES;
				CODE_SIGN_IDENTITY = "iPhone Developer";
				COPY_PHASE_STRIP = NO;
				DEBUG_INFORMATION_FORMAT = dwarf;
				ENABLE_STRICT_OBJC_MSGSEND = YES;
				ENABLE_TESTABILITY = YES;
				GCC_C_LANGUAGE_STANDARD = gnu11;
				GCC_DYNAMIC_NO_PIC = NO;
				GCC_NO_COMMON_BLOCKS = YES;
				GCC_OPTIMIZATION_LEVEL = 0;
				GCC_PREPROCESSOR_DEFINITIONS = (
					"DEBUG=1",
					"$(inherited)",
				);
				GCC_WARN_64_TO_32_BIT_CONVERSION = YES;
				GCC_WARN_ABOUT_RETURN_TYPE = YES_ERROR;
				GCC_WARN_UNDECLARED_SELECTOR = YES;
				GCC_WARN_UNINITIALIZED_AUTOS = YES_AGGRESSIVE;
				GCC_WARN_UNUSED_FUNCTION = YES;
				GCC_WARN_UNUSED_VARIABLE = YES;
				IPHONEOS_DEPLOYMENT_TARGET = 11.0;
				MTL_ENABLE_DEBUG_INFO = YES;
				ONLY_ACTIVE_ARCH = YES;
				SDKROOT = iphoneos;
				SWIFT_ACTIVE_COMPILATION_CONDITIONS = DEBUG;
				SWIFT_OPTIMIZATION_LEVEL = "-Onone";
			};
			name = Debug;
		};
		3EC799FD1F5C16B8007E3E71 /* Release */ = {
			isa = XCBuildConfiguration;
			buildSettings = {
				ALWAYS_SEARCH_USER_PATHS = NO;
				CLANG_ANALYZER_NONNULL = YES;
				CLANG_ANALYZER_NUMBER_OBJECT_CONVERSION = YES_AGGRESSIVE;
				CLANG_CXX_LANGUAGE_STANDARD = "gnu++14";
				CLANG_CXX_LIBRARY = "libc++";
				CLANG_ENABLE_MODULES = YES;
				CLANG_ENABLE_OBJC_ARC = YES;
				CLANG_WARN_BLOCK_CAPTURE_AUTORELEASING = YES;
				CLANG_WARN_BOOL_CONVERSION = YES;
				CLANG_WARN_COMMA = YES;
				CLANG_WARN_CONSTANT_CONVERSION = YES;
				CLANG_WARN_DIRECT_OBJC_ISA_USAGE = YES_ERROR;
				CLANG_WARN_DOCUMENTATION_COMMENTS = YES;
				CLANG_WARN_EMPTY_BODY = YES;
				CLANG_WARN_ENUM_CONVERSION = YES;
				CLANG_WARN_INFINITE_RECURSION = YES;
				CLANG_WARN_INT_CONVERSION = YES;
				CLANG_WARN_NON_LITERAL_NULL_CONVERSION = YES;
				CLANG_WARN_OBJC_LITERAL_CONVERSION = YES;
				CLANG_WARN_OBJC_ROOT_CLASS = YES_ERROR;
				CLANG_WARN_RANGE_LOOP_ANALYSIS = YES;
				CLANG_WARN_STRICT_PROTOTYPES = YES;
				CLANG_WARN_SUSPICIOUS_MOVE = YES;
				CLANG_WARN_UNGUARDED_AVAILABILITY = YES_AGGRESSIVE;
				CLANG_WARN_UNREACHABLE_CODE = YES;
				CLANG_WARN__DUPLICATE_METHOD_MATCH = YES;
				CODE_SIGN_IDENTITY = "iPhone Developer";
				COPY_PHASE_STRIP = NO;
				DEBUG_INFORMATION_FORMAT = "dwarf-with-dsym";
				ENABLE_NS_ASSERTIONS = NO;
				ENABLE_STRICT_OBJC_MSGSEND = YES;
				GCC_C_LANGUAGE_STANDARD = gnu11;
				GCC_NO_COMMON_BLOCKS = YES;
				GCC_WARN_64_TO_32_BIT_CONVERSION = YES;
				GCC_WARN_ABOUT_RETURN_TYPE = YES_ERROR;
				GCC_WARN_UNDECLARED_SELECTOR = YES;
				GCC_WARN_UNINITIALIZED_AUTOS = YES_AGGRESSIVE;
				GCC_WARN_UNUSED_FUNCTION = YES;
				GCC_WARN_UNUSED_VARIABLE = YES;
				IPHONEOS_DEPLOYMENT_TARGET = 11.0;
				MTL_ENABLE_DEBUG_INFO = NO;
				SDKROOT = iphoneos;
				SWIFT_OPTIMIZATION_LEVEL = "-Owholemodule";
				VALIDATE_PRODUCT = YES;
			};
			name = Release;
		};
		3EC799FF1F5C16B8007E3E71 /* Debug */ = {
			isa = XCBuildConfiguration;
			buildSettings = {
				ASSETCATALOG_COMPILER_APPICON_NAME = AppIcon;
				CODE_SIGN_STYLE = Automatic;
				DEVELOPMENT_TEAM = F624776B2A;
				INFOPLIST_FILE = coderswag/Info.plist;
				LD_RUNPATH_SEARCH_PATHS = "$(inherited) @executable_path/Frameworks";
				PRODUCT_BUNDLE_IDENTIFIER = alpacalypse.coderswag;
				PRODUCT_NAME = "$(TARGET_NAME)";
				SWIFT_VERSION = 4.0;
				TARGETED_DEVICE_FAMILY = "1,2";
			};
			name = Debug;
		};
		3EC79A001F5C16B8007E3E71 /* Release */ = {
			isa = XCBuildConfiguration;
			buildSettings = {
				ASSETCATALOG_COMPILER_APPICON_NAME = AppIcon;
				CODE_SIGN_STYLE = Automatic;
				DEVELOPMENT_TEAM = F624776B2A;
				INFOPLIST_FILE = coderswag/Info.plist;
				LD_RUNPATH_SEARCH_PATHS = "$(inherited) @executable_path/Frameworks";
				PRODUCT_BUNDLE_IDENTIFIER = alpacalypse.coderswag;
				PRODUCT_NAME = "$(TARGET_NAME)";
				SWIFT_VERSION = 4.0;
				TARGETED_DEVICE_FAMILY = "1,2";
			};
			name = Release;
		};
		3EC79A021F5C16B8007E3E71 /* Debug */ = {
			isa = XCBuildConfiguration;
			buildSettings = {
				ALWAYS_EMBED_SWIFT_STANDARD_LIBRARIES = YES;
				BUNDLE_LOADER = "$(TEST_HOST)";
				CODE_SIGN_STYLE = Automatic;
				DEVELOPMENT_TEAM = F624776B2A;
				INFOPLIST_FILE = coderswagTests/Info.plist;
				LD_RUNPATH_SEARCH_PATHS = "$(inherited) @executable_path/Frameworks @loader_path/Frameworks";
				PRODUCT_BUNDLE_IDENTIFIER = alpacalypse.coderswagTests;
				PRODUCT_NAME = "$(TARGET_NAME)";
				SWIFT_VERSION = 4.0;
				TARGETED_DEVICE_FAMILY = "1,2";
				TEST_HOST = "$(BUILT_PRODUCTS_DIR)/coderswag.app/coderswag";
			};
			name = Debug;
		};
		3EC79A031F5C16B8007E3E71 /* Release */ = {
			isa = XCBuildConfiguration;
			buildSettings = {
				ALWAYS_EMBED_SWIFT_STANDARD_LIBRARIES = YES;
				BUNDLE_LOADER = "$(TEST_HOST)";
				CODE_SIGN_STYLE = Automatic;
				DEVELOPMENT_TEAM = F624776B2A;
				INFOPLIST_FILE = coderswagTests/Info.plist;
				LD_RUNPATH_SEARCH_PATHS = "$(inherited) @executable_path/Frameworks @loader_path/Frameworks";
				PRODUCT_BUNDLE_IDENTIFIER = alpacalypse.coderswagTests;
				PRODUCT_NAME = "$(TARGET_NAME)";
				SWIFT_VERSION = 4.0;
				TARGETED_DEVICE_FAMILY = "1,2";
				TEST_HOST = "$(BUILT_PRODUCTS_DIR)/coderswag.app/coderswag";
			};
			name = Release;
		};
		3EC79A051F5C16B8007E3E71 /* Debug */ = {
			isa = XCBuildConfiguration;
			buildSettings = {
				ALWAYS_EMBED_SWIFT_STANDARD_LIBRARIES = YES;
				CODE_SIGN_STYLE = Automatic;
				DEVELOPMENT_TEAM = F624776B2A;
				INFOPLIST_FILE = coderswagUITests/Info.plist;
				LD_RUNPATH_SEARCH_PATHS = "$(inherited) @executable_path/Frameworks @loader_path/Frameworks";
				PRODUCT_BUNDLE_IDENTIFIER = alpacalypse.coderswagUITests;
				PRODUCT_NAME = "$(TARGET_NAME)";
				SWIFT_VERSION = 4.0;
				TARGETED_DEVICE_FAMILY = "1,2";
				TEST_TARGET_NAME = coderswag;
			};
			name = Debug;
		};
		3EC79A061F5C16B8007E3E71 /* Release */ = {
			isa = XCBuildConfiguration;
			buildSettings = {
				ALWAYS_EMBED_SWIFT_STANDARD_LIBRARIES = YES;
				CODE_SIGN_STYLE = Automatic;
				DEVELOPMENT_TEAM = F624776B2A;
				INFOPLIST_FILE = coderswagUITests/Info.plist;
				LD_RUNPATH_SEARCH_PATHS = "$(inherited) @executable_path/Frameworks @loader_path/Frameworks";
				PRODUCT_BUNDLE_IDENTIFIER = alpacalypse.coderswagUITests;
				PRODUCT_NAME = "$(TARGET_NAME)";
				SWIFT_VERSION = 4.0;
				TARGETED_DEVICE_FAMILY = "1,2";
				TEST_TARGET_NAME = coderswag;
			};
			name = Release;
		};
/* End XCBuildConfiguration section */

/* Begin XCConfigurationList section */
		3EC799D11F5C16B7007E3E71 /* Build configuration list for PBXProject "coderswag" */ = {
			isa = XCConfigurationList;
			buildConfigurations = (
				3EC799FC1F5C16B8007E3E71 /* Debug */,
				3EC799FD1F5C16B8007E3E71 /* Release */,
			);
			defaultConfigurationIsVisible = 0;
			defaultConfigurationName = Release;
		};
		3EC799FE1F5C16B8007E3E71 /* Build configuration list for PBXNativeTarget "coderswag" */ = {
			isa = XCConfigurationList;
			buildConfigurations = (
				3EC799FF1F5C16B8007E3E71 /* Debug */,
				3EC79A001F5C16B8007E3E71 /* Release */,
			);
			defaultConfigurationIsVisible = 0;
			defaultConfigurationName = Release;
		};
		3EC79A011F5C16B8007E3E71 /* Build configuration list for PBXNativeTarget "coderswagTests" */ = {
			isa = XCConfigurationList;
			buildConfigurations = (
				3EC79A021F5C16B8007E3E71 /* Debug */,
				3EC79A031F5C16B8007E3E71 /* Release */,
			);
			defaultConfigurationIsVisible = 0;
			defaultConfigurationName = Release;
		};
		3EC79A041F5C16B8007E3E71 /* Build configuration list for PBXNativeTarget "coderswagUITests" */ = {
			isa = XCConfigurationList;
			buildConfigurations = (
				3EC79A051F5C16B8007E3E71 /* Debug */,
				3EC79A061F5C16B8007E3E71 /* Release */,
			);
			defaultConfigurationIsVisible = 0;
			defaultConfigurationName = Release;
		};
/* End XCConfigurationList section */
	};
	rootObject = 3EC799CE1F5C16B7007E3E71 /* Project object */;
}
